
Microsoft Visual Studio Solution File, Format Version 12.00
# Visual Studio 15
VisualStudioVersion = 15.0.28307.572
MinimumVisualStudioVersion = 10.0.40219.1
Project("{FAE04EC0-301F-11D3-BF4B-00C04F79EFBC}") = "RodrigoDesafioCit", "RodrigoDesafioCit\RodrigoDesafioCit.csproj", "{9205E43C-9B05-4E95-B7EF-D6B578221A00}"
EndProject
Global
	GlobalSection(SolutionConfigurationPlatforms) = preSolution
		Debug|Any CPU = Debug|Any CPU
		Release|Any CPU = Release|Any CPU
	EndGlobalSection
	GlobalSection(ProjectConfigurationPlatforms) = postSolution
		{9205E43C-9B05-4E95-B7EF-D6B578221A00}.Debug|Any CPU.ActiveCfg = Debug|Any CPU
		{9205E43C-9B05-4E95-B7EF-D6B578221A00}.Debug|Any CPU.Build.0 = Debug|Any CPU
		{9205E43C-9B05-4E95-B7EF-D6B578221A00}.Release|Any CPU.ActiveCfg = Release|Any CPU
		{9205E43C-9B05-4E95-B7EF-D6B578221A00}.Release|Any CPU.Build.0 = Release|Any CPU
	EndGlobalSection
	GlobalSection(SolutionProperties) = preSolution
		HideSolutionNode = FALSE
	EndGlobalSection
	GlobalSection(ExtensibilityGlobals) = postSolution
		SolutionGuid = {C11082DB-ADEE-4CBA-95BF-D92206DAAAA2}
	EndGlobalSection
EndGlobal
